// !$*UTF8*$!
{
	archiveVersion = 1;
	classes = {
	};
	objectVersion = 46;
	objects = {

/* Begin PBXBuildFile section */
		002D33C61A9F6A2200A132A7 /* main.m in Sources */ = {isa = PBXBuildFile; fileRef = 002D33C51A9F6A2200A132A7 /* main.m */; };
		002D33C91A9F6A2200A132A7 /* AppDelegate.m in Sources */ = {isa = PBXBuildFile; fileRef = 002D33C81A9F6A2200A132A7 /* AppDelegate.m */; };
		002D33CC1A9F6A2200A132A7 /* ViewController.m in Sources */ = {isa = PBXBuildFile; fileRef = 002D33CB1A9F6A2200A132A7 /* ViewController.m */; };
		002D33CF1A9F6A2200A132A7 /* Main.storyboard in Resources */ = {isa = PBXBuildFile; fileRef = 002D33CD1A9F6A2200A132A7 /* Main.storyboard */; };
		002D33D11A9F6A2200A132A7 /* Images.xcassets in Resources */ = {isa = PBXBuildFile; fileRef = 002D33D01A9F6A2200A132A7 /* Images.xcassets */; };
		002D33D41A9F6A2200A132A7 /* LaunchScreen.xib in Resources */ = {isa = PBXBuildFile; fileRef = 002D33D21A9F6A2200A132A7 /* LaunchScreen.xib */; };
		002D33E01A9F6A2200A132A7 /* ClapLightTests.m in Sources */ = {isa = PBXBuildFile; fileRef = 002D33DF1A9F6A2200A132A7 /* ClapLightTests.m */; };
/* End PBXBuildFile section */

/* Begin PBXContainerItemProxy section */
		002D33DA1A9F6A2200A132A7 /* PBXContainerItemProxy */ = {
			isa = PBXContainerItemProxy;
			containerPortal = 002D33B81A9F6A2200A132A7 /* Project object */;
			proxyType = 1;
			remoteGlobalIDString = 002D33BF1A9F6A2200A132A7;
			remoteInfo = ClapLight;
		};
/* End PBXContainerItemProxy section */

/* Begin PBXFileReference section */
		002D33C01A9F6A2200A132A7 /* ClapLight.app */ = {isa = PBXFileReference; explicitFileType = wrapper.application; includeInIndex = 0; path = ClapLight.app; sourceTree = BUILT_PRODUCTS_DIR; };
		002D33C41A9F6A2200A132A7 /* Info.plist */ = {isa = PBXFileReference; lastKnownFileType = text.plist.xml; path = Info.plist; sourceTree = "<group>"; };
		002D33C51A9F6A2200A132A7 /* main.m */ = {isa = PBXFileReference; lastKnownFileType = sourcecode.c.objc; path = main.m; sourceTree = "<group>"; };
		002D33C71A9F6A2200A132A7 /* AppDelegate.h */ = {isa = PBXFileReference; lastKnownFileType = sourcecode.c.h; path = AppDelegate.h; sourceTree = "<group>"; };
		002D33C81A9F6A2200A132A7 /* AppDelegate.m */ = {isa = PBXFileReference; lastKnownFileType = sourcecode.c.objc; path = AppDelegate.m; sourceTree = "<group>"; };
		002D33CA1A9F6A2200A132A7 /* ViewController.h */ = {isa = PBXFileReference; lastKnownFileType = sourcecode.c.h; path = ViewController.h; sourceTree = "<group>"; };
		002D33CB1A9F6A2200A132A7 /* ViewController.m */ = {isa = PBXFileReference; lastKnownFileType = sourcecode.c.objc; path = ViewController.m; sourceTree = "<group>"; };
		002D33CE1A9F6A2200A132A7 /* Base */ = {isa = PBXFileReference; lastKnownFileType = file.storyboard; name = Base; path = Base.lproj/Main.storyboard; sourceTree = "<group>"; };
		002D33D01A9F6A2200A132A7 /* Images.xcassets */ = {isa = PBXFileReference; lastKnownFileType = folder.assetcatalog; path = Images.xcassets; sourceTree = "<group>"; };
		002D33D31A9F6A2200A132A7 /* Base */ = {isa = PBXFileReference; lastKnownFileType = file.xib; name = Base; path = Base.lproj/LaunchScreen.xib; sourceTree = "<group>"; };
		002D33D91A9F6A2200A132A7 /* ClapLightTests.xctest */ = {isa = PBXFileReference; explicitFileType = wrapper.cfbundle; includeInIndex = 0; path = ClapLightTests.xctest; sourceTree = BUILT_PRODUCTS_DIR; };
		002D33DE1A9F6A2200A132A7 /* Info.plist */ = {isa = PBXFileReference; lastKnownFileType = text.plist.xml; path = Info.plist; sourceTree = "<group>"; };
		002D33DF1A9F6A2200A132A7 /* ClapLightTests.m */ = {isa = PBXFileReference; lastKnownFileType = sourcecode.c.objc; path = ClapLightTests.m; sourceTree = "<group>"; };
/* End PBXFileReference section */

/* Begin PBXFrameworksBuildPhase section */
		002D33BD1A9F6A2200A132A7 /* Frameworks */ = {
			isa = PBXFrameworksBuildPhase;
			buildActionMask = 2147483647;
			files = (
			);
			runOnlyForDeploymentPostprocessing = 0;
		};
		002D33D61A9F6A2200A132A7 /* Frameworks */ = {
			isa = PBXFrameworksBuildPhase;
			buildActionMask = 2147483647;
			files = (
			);
			runOnlyForDeploymentPostprocessing = 0;
		};
/* End PBXFrameworksBuildPhase section */

/* Begin PBXGroup section */
		002D33B71A9F6A2200A132A7 = {
			isa = PBXGroup;
			children = (
				002D33C21A9F6A2200A132A7 /* ClapLight */,
				002D33DC1A9F6A2200A132A7 /* ClapLightTests */,
				002D33C11A9F6A2200A132A7 /* Products */,
			);
			sourceTree = "<group>";
		};
		002D33C11A9F6A2200A132A7 /* Products */ = {
			isa = PBXGroup;
			children = (
				002D33C01A9F6A2200A132A7 /* ClapLight.app */,
				002D33D91A9F6A2200A132A7 /* ClapLightTests.xctest */,
			);
			name = Products;
			sourceTree = "<group>";
		};
		002D33C21A9F6A2200A132A7 /* ClapLight */ = {
			isa = PBXGroup;
			children = (
				002D33C71A9F6A2200A132A7 /* AppDelegate.h */,
				002D33C81A9F6A2200A132A7 /* AppDelegate.m */,
				002D33CA1A9F6A2200A132A7 /* ViewController.h */,
				002D33CB1A9F6A2200A132A7 /* ViewController.m */,
				002D33CD1A9F6A2200A132A7 /* Main.storyboard */,
				002D33D01A9F6A2200A132A7 /* Images.xcassets */,
				002D33D21A9F6A2200A132A7 /* LaunchScreen.xib */,
				002D33C31A9F6A2200A132A7 /* Supporting Files */,
			);
			path = ClapLight;
			sourceTree = "<group>";
		};
		002D33C31A9F6A2200A132A7 /* Supporting Files */ = {
			isa = PBXGroup;
			children = (
				002D33C41A9F6A2200A132A7 /* Info.plist */,
				002D33C51A9F6A2200A132A7 /* main.m */,
			);
			name = "Supporting Files";
			sourceTree = "<group>";
		};
		002D33DC1A9F6A2200A132A7 /* ClapLightTests */ = {
			isa = PBXGroup;
			children = (
				002D33DF1A9F6A2200A132A7 /* ClapLightTests.m */,
				002D33DD1A9F6A2200A132A7 /* Supporting Files */,
			);
			path = ClapLightTests;
			sourceTree = "<group>";
		};
		002D33DD1A9F6A2200A132A7 /* Supporting Files */ = {
			isa = PBXGroup;
			children = (
				002D33DE1A9F6A2200A132A7 /* Info.plist */,
			);
			name = "Supporting Files";
			sourceTree = "<group>";
		};
/* End PBXGroup section */

/* Begin PBXNativeTarget section */
		002D33BF1A9F6A2200A132A7 /* ClapLight */ = {
			isa = PBXNativeTarget;
			buildConfigurationList = 002D33E31A9F6A2200A132A7 /* Build configuration list for PBXNativeTarget "ClapLight" */;
			buildPhases = (
				002D33BC1A9F6A2200A132A7 /* Sources */,
				002D33BD1A9F6A2200A132A7 /* Frameworks */,
				002D33BE1A9F6A2200A132A7 /* Resources */,
			);
			buildRules = (
			);
			dependencies = (
			);
			name = ClapLight;
			productName = ClapLight;
			productReference = 002D33C01A9F6A2200A132A7 /* ClapLight.app */;
			productType = "com.apple.product-type.application";
		};
		002D33D81A9F6A2200A132A7 /* ClapLightTests */ = {
			isa = PBXNativeTarget;
			buildConfigurationList = 002D33E61A9F6A2200A132A7 /* Build configuration list for PBXNativeTarget "ClapLightTests" */;
			buildPhases = (
				002D33D51A9F6A2200A132A7 /* Sources */,
				002D33D61A9F6A2200A132A7 /* Frameworks */,
				002D33D71A9F6A2200A132A7 /* Resources */,
			);
			buildRules = (
			);
			dependencies = (
				002D33DB1A9F6A2200A132A7 /* PBXTargetDependency */,
			);
			name = ClapLightTests;
			productName = ClapLightTests;
			productReference = 002D33D91A9F6A2200A132A7 /* ClapLightTests.xctest */;
			productType = "com.apple.product-type.bundle.unit-test";
		};
/* End PBXNativeTarget section */

/* Begin PBXProject section */
		002D33B81A9F6A2200A132A7 /* Project object */ = {
			isa = PBXProject;
			attributes = {
				LastUpgradeCheck = 0610;
				ORGANIZATIONNAME = GarbegeSoft;
				TargetAttributes = {
					002D33BF1A9F6A2200A132A7 = {
						CreatedOnToolsVersion = 6.1.1;
					};
					002D33D81A9F6A2200A132A7 = {
						CreatedOnToolsVersion = 6.1.1;
						TestTargetID = 002D33BF1A9F6A2200A132A7;
					};
				};
			};
			buildConfigurationList = 002D33BB1A9F6A2200A132A7 /* Build configuration list for PBXProject "ClapLight" */;
			compatibilityVersion = "Xcode 3.2";
			developmentRegion = English;
			hasScannedForEncodings = 0;
			knownRegions = (
				en,
				Base,
			);
			mainGroup = 002D33B71A9F6A2200A132A7;
			productRefGroup = 002D33C11A9F6A2200A132A7 /* Products */;
			projectDirPath = "";
			projectRoot = "";
			targets = (
				002D33BF1A9F6A2200A132A7 /* ClapLight */,
				002D33D81A9F6A2200A132A7 /* ClapLightTests */,
			);
		};
/* End PBXProject section */

/* Begin PBXResourcesBuildPhase section */
		002D33BE1A9F6A2200A132A7 /* Resources */ = {
			isa = PBXResourcesBuildPhase;
			buildActionMask = 2147483647;
			files = (
				002D33CF1A9F6A2200A132A7 /* Main.storyboard in Resources */,
				002D33D41A9F6A2200A132A7 /* LaunchScreen.xib in Resources */,
				002D33D11A9F6A2200A132A7 /* Images.xcassets in Resources */,
			);
			runOnlyForDeploymentPostprocessing = 0;
		};
		002D33D71A9F6A2200A132A7 /* Resources */ = {
			isa = PBXResourcesBuildPhase;
			buildActionMask = 2147483647;
			files = (
			);
			runOnlyForDeploymentPostprocessing = 0;
		};
/* End PBXResourcesBuildPhase section */

/* Begin PBXSourcesBuildPhase section */
		002D33BC1A9F6A2200A132A7 /* Sources */ = {
			isa = PBXSourcesBuildPhase;
			buildActionMask = 2147483647;
			files = (
				002D33CC1A9F6A2200A132A7 /* ViewController.m in Sources */,
				002D33C91A9F6A2200A132A7 /* AppDelegate.m in Sources */,
				002D33C61A9F6A2200A132A7 /* main.m in Sources */,
			);
			runOnlyForDeploymentPostprocessing = 0;
		};
		002D33D51A9F6A2200A132A7 /* Sources */ = {
			isa = PBXSourcesBuildPhase;
			buildActionMask = 2147483647;
			files = (
				002D33E01A9F6A2200A132A7 /* ClapLightTests.m in Sources */,
			);
			runOnlyForDeploymentPostprocessing = 0;
		};
/* End PBXSourcesBuildPhase section */

/* Begin PBXTargetDependency section */
		002D33DB1A9F6A2200A132A7 /* PBXTargetDependency */ = {
			isa = PBXTargetDependency;
			target = 002D33BF1A9F6A2200A132A7 /* ClapLight */;
			targetProxy = 002D33DA1A9F6A2200A132A7 /* PBXContainerItemProxy */;
		};
/* End PBXTargetDependency section */

/* Begin PBXVariantGroup section */
		002D33CD1A9F6A2200A132A7 /* Main.storyboard */ = {
			isa = PBXVariantGroup;
			children = (
				002D33CE1A9F6A2200A132A7 /* Base */,
			);
			name = Main.storyboard;
			sourceTree = "<group>";
		};
		002D33D21A9F6A2200A132A7 /* LaunchScreen.xib */ = {
			isa = PBXVariantGroup;
			children = (
				002D33D31A9F6A2200A132A7 /* Base */,
			);
			name = LaunchScreen.xib;
			sourceTree = "<group>";
		};
/* End PBXVariantGroup section */

/* Begin XCBuildConfiguration section */
		002D33E11A9F6A2200A132A7 /* Debug */ = {
			isa = XCBuildConfiguration;
			buildSettings = {
				ALWAYS_SEARCH_USER_PATHS = NO;
				CLANG_CXX_LANGUAGE_STANDARD = "gnu++0x";
				CLANG_CXX_LIBRARY = "libc++";
				CLANG_ENABLE_MODULES = YES;
				CLANG_ENABLE_OBJC_ARC = YES;
				CLANG_WARN_BOOL_CONVERSION = YES;
				CLANG_WARN_CONSTANT_CONVERSION = YES;
				CLANG_WARN_DIRECT_OBJC_ISA_USAGE = YES_ERROR;
				CLANG_WARN_EMPTY_BODY = YES;
				CLANG_WARN_ENUM_CONVERSION = YES;
				CLANG_WARN_INT_CONVERSION = YES;
				CLANG_WARN_OBJC_ROOT_CLASS = YES_ERROR;
				CLANG_WARN_UNREACHABLE_CODE = YES;
				CLANG_WARN__DUPLICATE_METHOD_MATCH = YES;
				"CODE_SIGN_IDENTITY[sdk=iphoneos*]" = "iPhone Developer";
				COPY_PHASE_STRIP = NO;
				ENABLE_STRICT_OBJC_MSGSEND = YES;
				GCC_C_LANGUAGE_STANDARD = gnu99;
				GCC_DYNAMIC_NO_PIC = NO;
				GCC_OPTIMIZATION_LEVEL = 0;
				GCC_PREPROCESSOR_DEFINITIONS = (
					"DEBUG=1",
					"$(inherited)",
				);
				GCC_SYMBOLS_PRIVATE_EXTERN = NO;
				GCC_WARN_64_TO_32_BIT_CONVERSION = YES;
				GCC_WARN_ABOUT_RETURN_TYPE = YES_ERROR;
				GCC_WARN_UNDECLARED_SELECTOR = YES;
				GCC_WARN_UNINITIALIZED_AUTOS = YES_AGGRESSIVE;
				GCC_WARN_UNUSED_FUNCTION = YES;
				GCC_WARN_UNUSED_VARIABLE = YES;
				IPHONEOS_DEPLOYMENT_TARGET = 8.1;
				MTL_ENABLE_DEBUG_INFO = YES;
				ONLY_ACTIVE_ARCH = YES;
				SDKROOT = iphoneos;
			};
			name = Debug;
		};
		002D33E21A9F6A2200A132A7 /* Release */ = {
			isa = XCBuildConfiguration;
			buildSettings = {
				ALWAYS_SEARCH_USER_PATHS = NO;
				CLANG_CXX_LANGUAGE_STANDARD = "gnu++0x";
				CLANG_CXX_LIBRARY = "libc++";
				CLANG_ENABLE_MODULES = YES;
				CLANG_ENABLE_OBJC_ARC = YES;
				CLANG_WARN_BOOL_CONVERSION = YES;
				CLANG_WARN_CONSTANT_CONVERSION = YES;
				CLANG_WARN_DIRECT_OBJC_ISA_USAGE = YES_ERROR;
				CLANG_WARN_EMPTY_BODY = YES;
				CLANG_WARN_ENUM_CONVERSION = YES;
				CLANG_WARN_INT_CONVERSION = YES;
				CLANG_WARN_OBJC_ROOT_CLASS = YES_ERROR;
				CLANG_WARN_UNREACHABLE_CODE = YES;
				CLANG_WARN__DUPLICATE_METHOD_MATCH = YES;
				"CODE_SIGN_IDENTITY[sdk=iphoneos*]" = "iPhone Developer";
				COPY_PHASE_STRIP = YES;
				ENABLE_NS_ASSERTIONS = NO;
				ENABLE_STRICT_OBJC_MSGSEND = YES;
				GCC_C_LANGUAGE_STANDARD = gnu99;
				GCC_WARN_64_TO_32_BIT_CONVERSION = YES;
				GCC_WARN_ABOUT_RETURN_TYPE = YES_ERROR;
				GCC_WARN_UNDECLARED_SELECTOR = YES;
				GCC_WARN_UNINITIALIZED_AUTOS = YES_AGGRESSIVE;
				GCC_WARN_UNUSED_FUNCTION = YES;
				GCC_WARN_UNUSED_VARIABLE = YES;
				IPHONEOS_DEPLOYMENT_TARGET = 8.1;
				MTL_ENABLE_DEBUG_INFO = NO;
				SDKROOT = iphoneos;
				VALIDATE_PRODUCT = YES;
			};
			name = Release;
		};
		002D33E41A9F6A2200A132A7 /* Debug */ = {
			isa = XCBuildConfiguration;
			buildSettings = {
				ASSETCATALOG_COMPILER_APPICON_NAME = AppIcon;
				INFOPLIST_FILE = ClapLight/Info.plist;
				LD_RUNPATH_SEARCH_PATHS = "$(inherited) @executable_path/Frameworks";
				PRODUCT_NAME = "$(TARGET_NAME)";
			};
			name = Debug;
		};
		002D33E51A9F6A2200A132A7 /* Release */ = {
			isa = XCBuildConfiguration;
			buildSettings = {
				ASSETCATALOG_COMPILER_APPICON_NAME = AppIcon;
				INFOPLIST_FILE = ClapLight/Info.plist;
				LD_RUNPATH_SEARCH_PATHS = "$(inherited) @executable_path/Frameworks";
				PRODUCT_NAME = "$(TARGET_NAME)";
			};
			name = Release;
		};
		002D33E71A9F6A2200A132A7 /* Debug */ = {
			isa = XCBuildConfiguration;
			buildSettings = {
				BUNDLE_LOADER = "$(TEST_HOST)";
				FRAMEWORK_SEARCH_PATHS = (
					"$(SDKROOT)/Developer/Library/Frameworks",
					"$(inherited)",
				);
				GCC_PREPROCESSOR_DEFINITIONS = (
					"DEBUG=1",
					"$(inherited)",
				);
				INFOPLIST_FILE = ClapLightTests/Info.plist;
				LD_RUNPATH_SEARCH_PATHS = "$(inherited) @executable_path/Frameworks @loader_path/Frameworks";
				PRODUCT_NAME = "$(TARGET_NAME)";
				TEST_HOST = "$(BUILT_PRODUCTS_DIR)/ClapLight.app/ClapLight";
			};
			name = Debug;
		};
		002D33E81A9F6A2200A132A7 /* Release */ = {
			isa = XCBuildConfiguration;
			buildSettings = {
				BUNDLE_LOADER = "$(TEST_HOST)";
				FRAMEWORK_SEARCH_PATHS = (
					"$(SDKROOT)/Developer/Library/Frameworks",
					"$(inherited)",
				);
				INFOPLIST_FILE = ClapLightTests/Info.plist;
				LD_RUNPATH_SEARCH_PATHS = "$(inherited) @executable_path/Frameworks @loader_path/Frameworks";
				PRODUCT_NAME = "$(TARGET_NAME)";
				TEST_HOST = "$(BUILT_PRODUCTS_DIR)/ClapLight.app/ClapLight";
			};
			name = Release;
		};
/* End XCBuildConfiguration section */

/* Begin XCConfigurationList section */
		002D33BB1A9F6A2200A132A7 /* Build configuration list for PBXProject "ClapLight" */ = {
			isa = XCConfigurationList;
			buildConfigurations = (
				002D33E11A9F6A2200A132A7 /* Debug */,
				002D33E21A9F6A2200A132A7 /* Release */,
			);
			defaultConfigurationIsVisible = 0;
			defaultConfigurationName = Release;
		};
		002D33E31A9F6A2200A132A7 /* Build configuration list for PBXNativeTarget "ClapLight" */ = {
			isa = XCConfigurationList;
			buildConfigurations = (
				002D33E41A9F6A2200A132A7 /* Debug */,
				002D33E51A9F6A2200A132A7 /* Release */,
			);
			defaultConfigurationIsVisible = 0;
		};
		002D33E61A9F6A2200A132A7 /* Build configuration list for PBXNativeTarget "ClapLightTests" */ = {
			isa = XCConfigurationList;
			buildConfigurations = (
				002D33E71A9F6A2200A132A7 /* Debug */,
				002D33E81A9F6A2200A132A7 /* Release */,
			);
			defaultConfigurationIsVisible = 0;
		};
/* End XCConfigurationList section */
	};
	rootObject = 002D33B81A9F6A2200A132A7 /* Project object */;
}
